// !$*UTF8*$!
{
	archiveVersion = 1;
	classes = {
	};
	objectVersion = 52;
	objects = {

/* Begin PBXBuildFile section */
		CF04142B27104A8500B1D75F /* TaskViewModel.swift in Sources */ = {isa = PBXBuildFile; fileRef = CF04142A27104A8500B1D75F /* TaskViewModel.swift */; };
		CF04142D271056AD00B1D75F /* TaskListView.swift in Sources */ = {isa = PBXBuildFile; fileRef = CF04142C271056AD00B1D75F /* TaskListView.swift */; };
		CF04D3BA2709F1A200F404D4 /* Realm in Frameworks */ = {isa = PBXBuildFile; productRef = CF04D3B92709F1A200F404D4 /* Realm */; };
		CF04D3BC2709F1A200F404D4 /* RealmSwift in Frameworks */ = {isa = PBXBuildFile; productRef = CF04D3BB2709F1A200F404D4 /* RealmSwift */; };
		CF64BB96270CACF500578D8B /* TaskModel.swift in Sources */ = {isa = PBXBuildFile; fileRef = CF64BB95270CACF500578D8B /* TaskModel.swift */; };
		CF68EEF62708A2180082CF8A /* MyTodo_v3App.swift in Sources */ = {isa = PBXBuildFile; fileRef = CF68EEF52708A2180082CF8A /* MyTodo_v3App.swift */; };
		CF68EEF82708A2180082CF8A /* ContentView.swift in Sources */ = {isa = PBXBuildFile; fileRef = CF68EEF72708A2180082CF8A /* ContentView.swift */; };
		CF68EEFA2708A21E0082CF8A /* Assets.xcassets in Resources */ = {isa = PBXBuildFile; fileRef = CF68EEF92708A21E0082CF8A /* Assets.xcassets */; };
		CF68EEFD2708A21E0082CF8A /* Preview Assets.xcassets in Resources */ = {isa = PBXBuildFile; fileRef = CF68EEFC2708A21E0082CF8A /* Preview Assets.xcassets */; };
/* End PBXBuildFile section */

/* Begin PBXFileReference section */
		CF04142A27104A8500B1D75F /* TaskViewModel.swift */ = {isa = PBXFileReference; lastKnownFileType = sourcecode.swift; path = TaskViewModel.swift; sourceTree = "<group>"; };
		CF04142C271056AD00B1D75F /* TaskListView.swift */ = {isa = PBXFileReference; lastKnownFileType = sourcecode.swift; path = TaskListView.swift; sourceTree = "<group>"; };
		CF64BB95270CACF500578D8B /* TaskModel.swift */ = {isa = PBXFileReference; lastKnownFileType = sourcecode.swift; path = TaskModel.swift; sourceTree = "<group>"; };
		CF68EEF22708A2180082CF8A /* MyTodo_v3.app */ = {isa = PBXFileReference; explicitFileType = wrapper.application; includeInIndex = 0; path = MyTodo_v3.app; sourceTree = BUILT_PRODUCTS_DIR; };
		CF68EEF52708A2180082CF8A /* MyTodo_v3App.swift */ = {isa = PBXFileReference; lastKnownFileType = sourcecode.swift; path = MyTodo_v3App.swift; sourceTree = "<group>"; };
		CF68EEF72708A2180082CF8A /* ContentView.swift */ = {isa = PBXFileReference; lastKnownFileType = sourcecode.swift; path = ContentView.swift; sourceTree = "<group>"; };
		CF68EEF92708A21E0082CF8A /* Assets.xcassets */ = {isa = PBXFileReference; lastKnownFileType = folder.assetcatalog; path = Assets.xcassets; sourceTree = "<group>"; };
		CF68EEFC2708A21E0082CF8A /* Preview Assets.xcassets */ = {isa = PBXFileReference; lastKnownFileType = folder.assetcatalog; path = "Preview Assets.xcassets"; sourceTree = "<group>"; };
		CF68EEFE2708A21E0082CF8A /* Info.plist */ = {isa = PBXFileReference; lastKnownFileType = text.plist.xml; path = Info.plist; sourceTree = "<group>"; };
/* End PBXFileReference section */

/* Begin PBXFrameworksBuildPhase section */
		CF68EEEF2708A2180082CF8A /* Frameworks */ = {
			isa = PBXFrameworksBuildPhase;
			buildActionMask = 2147483647;
			files = (
				CF04D3BC2709F1A200F404D4 /* RealmSwift in Frameworks */,
				CF04D3BA2709F1A200F404D4 /* Realm in Frameworks */,
			);
			runOnlyForDeploymentPostprocessing = 0;
		};
/* End PBXFrameworksBuildPhase section */

/* Begin PBXGroup section */
		CF68EEE92708A2180082CF8A = {
			isa = PBXGroup;
			children = (
				CF68EEF42708A2180082CF8A /* MyTodo_v3 */,
				CF68EEF32708A2180082CF8A /* Products */,
			);
			sourceTree = "<group>";
		};
		CF68EEF32708A2180082CF8A /* Products */ = {
			isa = PBXGroup;
			children = (
				CF68EEF22708A2180082CF8A /* MyTodo_v3.app */,
			);
			name = Products;
			sourceTree = "<group>";
		};
		CF68EEF42708A2180082CF8A /* MyTodo_v3 */ = {
			isa = PBXGroup;
			children = (
				CF68EEF52708A2180082CF8A /* MyTodo_v3App.swift */,
				CF68EEF72708A2180082CF8A /* ContentView.swift */,
				CF64BB95270CACF500578D8B /* TaskModel.swift */,
				CF04142A27104A8500B1D75F /* TaskViewModel.swift */,
				CF04142C271056AD00B1D75F /* TaskListView.swift */,
				CF68EEF92708A21E0082CF8A /* Assets.xcassets */,
				CF68EEFE2708A21E0082CF8A /* Info.plist */,
				CF68EEFB2708A21E0082CF8A /* Preview Content */,
			);
			path = MyTodo_v3;
			sourceTree = "<group>";
		};
		CF68EEFB2708A21E0082CF8A /* Preview Content */ = {
			isa = PBXGroup;
			children = (
				CF68EEFC2708A21E0082CF8A /* Preview Assets.xcassets */,
			);
			path = "Preview Content";
			sourceTree = "<group>";
		};
/* End PBXGroup section */

/* Begin PBXNativeTarget section */
		CF68EEF12708A2180082CF8A /* MyTodo_v3 */ = {
			isa = PBXNativeTarget;
			buildConfigurationList = CF68EF012708A21E0082CF8A /* Build configuration list for PBXNativeTarget "MyTodo_v3" */;
			buildPhases = (
				CF68EEEE2708A2180082CF8A /* Sources */,
				CF68EEEF2708A2180082CF8A /* Frameworks */,
				CF68EEF02708A2180082CF8A /* Resources */,
			);
			buildRules = (
			);
			dependencies = (
			);
			name = MyTodo_v3;
			packageProductDependencies = (
				CF04D3B92709F1A200F404D4 /* Realm */,
				CF04D3BB2709F1A200F404D4 /* RealmSwift */,
			);
			productName = MyTodo_v3;
			productReference = CF68EEF22708A2180082CF8A /* MyTodo_v3.app */;
			productType = "com.apple.product-type.application";
		};
/* End PBXNativeTarget section */

/* Begin PBXProject section */
		CF68EEEA2708A2180082CF8A /* Project object */ = {
			isa = PBXProject;
			attributes = {
				LastSwiftUpdateCheck = 1250;
				LastUpgradeCheck = 1250;
				TargetAttributes = {
					CF68EEF12708A2180082CF8A = {
						CreatedOnToolsVersion = 12.5.1;
					};
				};
			};
			buildConfigurationList = CF68EEED2708A2180082CF8A /* Build configuration list for PBXProject "MyTodo_v3" */;
			compatibilityVersion = "Xcode 9.3";
			developmentRegion = en;
			hasScannedForEncodings = 0;
			knownRegions = (
				en,
				Base,
			);
			mainGroup = CF68EEE92708A2180082CF8A;
			packageReferences = (
				CF04D3B82709F1A200F404D4 /* XCRemoteSwiftPackageReference "realm-cocoa" */,
			);
			productRefGroup = CF68EEF32708A2180082CF8A /* Products */;
			projectDirPath = "";
			projectRoot = "";
			targets = (
				CF68EEF12708A2180082CF8A /* MyTodo_v3 */,
			);
		};
/* End PBXProject section */

/* Begin PBXResourcesBuildPhase section */
		CF68EEF02708A2180082CF8A /* Resources */ = {
			isa = PBXResourcesBuildPhase;
			buildActionMask = 2147483647;
			files = (
				CF68EEFD2708A21E0082CF8A /* Preview Assets.xcassets in Resources */,
				CF68EEFA2708A21E0082CF8A /* Assets.xcassets in Resources */,
			);
			runOnlyForDeploymentPostprocessing = 0;
		};
/* End PBXResourcesBuildPhase section */

/* Begin PBXSourcesBuildPhase section */
		CF68EEEE2708A2180082CF8A /* Sources */ = {
			isa = PBXSourcesBuildPhase;
			buildActionMask = 2147483647;
			files = (
				CF64BB96270CACF500578D8B /* TaskModel.swift in Sources */,
				CF04142B27104A8500B1D75F /* TaskViewModel.swift in Sources */,
				CF68EEF82708A2180082CF8A /* ContentView.swift in Sources */,
				CF04142D271056AD00B1D75F /* TaskListView.swift in Sources */,
				CF68EEF62708A2180082CF8A /* MyTodo_v3App.swift in Sources */,
			);
			runOnlyForDeploymentPostprocessing = 0;
		};
/* End PBXSourcesBuildPhase section */

/* Begin XCBuildConfiguration section */
		CF68EEFF2708A21E0082CF8A /* Debug */ = {
			isa = XCBuildConfiguration;
			buildSettings = {
				ALWAYS_SEARCH_USER_PATHS = NO;
				CLANG_ANALYZER_NONNULL = YES;
				CLANG_ANALYZER_NUMBER_OBJECT_CONVERSION = YES_AGGRESSIVE;
				CLANG_CXX_LANGUAGE_STANDARD = "gnu++14";
				CLANG_CXX_LIBRARY = "libc++";
				CLANG_ENABLE_MODULES = YES;
				CLANG_ENABLE_OBJC_ARC = YES;
				CLANG_ENABLE_OBJC_WEAK = YES;
				CLANG_WARN_BLOCK_CAPTURE_AUTORELEASING = YES;
				CLANG_WARN_BOOL_CONVERSION = YES;
				CLANG_WARN_COMMA = YES;
				CLANG_WARN_CONSTANT_CONVERSION = YES;
				CLANG_WARN_DEPRECATED_OBJC_IMPLEMENTATIONS = YES;
				CLANG_WARN_DIRECT_OBJC_ISA_USAGE = YES_ERROR;
				CLANG_WARN_DOCUMENTATION_COMMENTS = YES;
				CLANG_WARN_EMPTY_BODY = YES;
				CLANG_WARN_ENUM_CONVERSION = YES;
				CLANG_WARN_INFINITE_RECURSION = YES;
				CLANG_WARN_INT_CONVERSION = YES;
				CLANG_WARN_NON_LITERAL_NULL_CONVERSION = YES;
				CLANG_WARN_OBJC_IMPLICIT_RETAIN_SELF = YES;
				CLANG_WARN_OBJC_LITERAL_CONVERSION = YES;
				CLANG_WARN_OBJC_ROOT_CLASS = YES_ERROR;
				CLANG_WARN_QUOTED_INCLUDE_IN_FRAMEWORK_HEADER = YES;
				CLANG_WARN_RANGE_LOOP_ANALYSIS = YES;
				CLANG_WARN_STRICT_PROTOTYPES = YES;
				CLANG_WARN_SUSPICIOUS_MOVE = YES;
				CLANG_WARN_UNGUARDED_AVAILABILITY = YES_AGGRESSIVE;
				CLANG_WARN_UNREACHABLE_CODE = YES;
				CLANG_WARN__DUPLICATE_METHOD_MATCH = YES;
				COPY_PHASE_STRIP = NO;
				DEBUG_INFORMATION_FORMAT = dwarf;
				ENABLE_STRICT_OBJC_MSGSEND = YES;
				ENABLE_TESTABILITY = YES;
				GCC_C_LANGUAGE_STANDARD = gnu11;
				GCC_DYNAMIC_NO_PIC = NO;
				GCC_NO_COMMON_BLOCKS = YES;
				GCC_OPTIMIZATION_LEVEL = 0;
				GCC_PREPROCESSOR_DEFINITIONS = (
					"DEBUG=1",
					"$(inherited)",
				);
				GCC_WARN_64_TO_32_BIT_CONVERSION = YES;
				GCC_WARN_ABOUT_RETURN_TYPE = YES_ERROR;
				GCC_WARN_UNDECLARED_SELECTOR = YES;
				GCC_WARN_UNINITIALIZED_AUTOS = YES_AGGRESSIVE;
				GCC_WARN_UNUSED_FUNCTION = YES;
				GCC_WARN_UNUSED_VARIABLE = YES;
				IPHONEOS_DEPLOYMENT_TARGET = 14.5;
				MTL_ENABLE_DEBUG_INFO = INCLUDE_SOURCE;
				MTL_FAST_MATH = YES;
				ONLY_ACTIVE_ARCH = YES;
				SDKROOT = iphoneos;
				SWIFT_ACTIVE_COMPILATION_CONDITIONS = DEBUG;
				SWIFT_OPTIMIZATION_LEVEL = "-Onone";
			};
			name = Debug;
		};
		CF68EF002708A21E0082CF8A /* Release */ = {
			isa = XCBuildConfiguration;
			buildSettings = {
				ALWAYS_SEARCH_USER_PATHS = NO;
				CLANG_ANALYZER_NONNULL = YES;
				CLANG_ANALYZER_NUMBER_OBJECT_CONVERSION = YES_AGGRESSIVE;
				CLANG_CXX_LANGUAGE_STANDARD = "gnu++14";
				CLANG_CXX_LIBRARY = "libc++";
				CLANG_ENABLE_MODULES = YES;
				CLANG_ENABLE_OBJC_ARC = YES;
				CLANG_ENABLE_OBJC_WEAK = YES;
				CLANG_WARN_BLOCK_CAPTURE_AUTORELEASING = YES;
				CLANG_WARN_BOOL_CONVERSION = YES;
				CLANG_WARN_COMMA = YES;
				CLANG_WARN_CONSTANT_CONVERSION = YES;
				CLANG_WARN_DEPRECATED_OBJC_IMPLEMENTATIONS = YES;
				CLANG_WARN_DIRECT_OBJC_ISA_USAGE = YES_ERROR;
				CLANG_WARN_DOCUMENTATION_COMMENTS = YES;
				CLANG_WARN_EMPTY_BODY = YES;
				CLANG_WARN_ENUM_CONVERSION = YES;
				CLANG_WARN_INFINITE_RECURSION = YES;
				CLANG_WARN_INT_CONVERSION = YES;
				CLANG_WARN_NON_LITERAL_NULL_CONVERSION = YES;
				CLANG_WARN_OBJC_IMPLICIT_RETAIN_SELF = YES;
				CLANG_WARN_OBJC_LITERAL_CONVERSION = YES;
				CLANG_WARN_OBJC_ROOT_CLASS = YES_ERROR;
				CLANG_WARN_QUOTED_INCLUDE_IN_FRAMEWORK_HEADER = YES;
				CLANG_WARN_RANGE_LOOP_ANALYSIS = YES;
				CLANG_WARN_STRICT_PROTOTYPES = YES;
				CLANG_WARN_SUSPICIOUS_MOVE = YES;
				CLANG_WARN_UNGUARDED_AVAILABILITY = YES_AGGRESSIVE;
				CLANG_WARN_UNREACHABLE_CODE = YES;
				CLANG_WARN__DUPLICATE_METHOD_MATCH = YES;
				COPY_PHASE_STRIP = NO;
				DEBUG_INFORMATION_FORMAT = "dwarf-with-dsym";
				ENABLE_NS_ASSERTIONS = NO;
				ENABLE_STRICT_OBJC_MSGSEND = YES;
				GCC_C_LANGUAGE_STANDARD = gnu11;
				GCC_NO_COMMON_BLOCKS = YES;
				GCC_WARN_64_TO_32_BIT_CONVERSION = YES;
				GCC_WARN_ABOUT_RETURN_TYPE = YES_ERROR;
				GCC_WARN_UNDECLARED_SELECTOR = YES;
				GCC_WARN_UNINITIALIZED_AUTOS = YES_AGGRESSIVE;
				GCC_WARN_UNUSED_FUNCTION = YES;
				GCC_WARN_UNUSED_VARIABLE = YES;
				IPHONEOS_DEPLOYMENT_TARGET = 14.5;
				MTL_ENABLE_DEBUG_INFO = NO;
				MTL_FAST_MATH = YES;
				SDKROOT = iphoneos;
				SWIFT_COMPILATION_MODE = wholemodule;
				SWIFT_OPTIMIZATION_LEVEL = "-O";
				VALIDATE_PRODUCT = YES;
			};
			name = Release;
		};
		CF68EF022708A21E0082CF8A /* Debug */ = {
			isa = XCBuildConfiguration;
			buildSettings = {
				ASSETCATALOG_COMPILER_APPICON_NAME = AppIcon;
				ASSETCATALOG_COMPILER_GLOBAL_ACCENT_COLOR_NAME = AccentColor;
				CODE_SIGN_STYLE = Automatic;
				DEVELOPMENT_ASSET_PATHS = "\"MyTodo_v3/Preview Content\"";
				ENABLE_PREVIEWS = YES;
				INFOPLIST_FILE = MyTodo_v3/Info.plist;
				IPHONEOS_DEPLOYMENT_TARGET = 14.0;
				LD_RUNPATH_SEARCH_PATHS = (
					"$(inherited)",
					"@executable_path/Frameworks",
				);
				PRODUCT_BUNDLE_IDENTIFIER = "withyou01200524.MyTodo-v3";
				PRODUCT_NAME = "$(TARGET_NAME)";
				SWIFT_VERSION = 5.0;
				TARGETED_DEVICE_FAMILY = "1,2";
			};
			name = Debug;
		};
		CF68EF032708A21E0082CF8A /* Release */ = {
			isa = XCBuildConfiguration;
			buildSettings = {
				ASSETCATALOG_COMPILER_APPICON_NAME = AppIcon;
				ASSETCATALOG_COMPILER_GLOBAL_ACCENT_COLOR_NAME = AccentColor;
				CODE_SIGN_STYLE = Automatic;
				DEVELOPMENT_ASSET_PATHS = "\"MyTodo_v3/Preview Content\"";
				ENABLE_PREVIEWS = YES;
				INFOPLIST_FILE = MyTodo_v3/Info.plist;
				IPHONEOS_DEPLOYMENT_TARGET = 14.0;
				LD_RUNPATH_SEARCH_PATHS = (
					"$(inherited)",
					"@executable_path/Frameworks",
				);
				PRODUCT_BUNDLE_IDENTIFIER = "withyou01200524.MyTodo-v3";
				PRODUCT_NAME = "$(TARGET_NAME)";
				SWIFT_VERSION = 5.0;
				TARGETED_DEVICE_FAMILY = "1,2";
			};
			name = Release;
		};
/* End XCBuildConfiguration section */

/* Begin XCConfigurationList section */
		CF68EEED2708A2180082CF8A /* Build configuration list for PBXProject "MyTodo_v3" */ = {
			isa = XCConfigurationList;
			buildConfigurations = (
				CF68EEFF2708A21E0082CF8A /* Debug */,
				CF68EF002708A21E0082CF8A /* Release */,
			);
			defaultConfigurationIsVisible = 0;
			defaultConfigurationName = Release;
		};
		CF68EF012708A21E0082CF8A /* Build configuration list for PBXNativeTarget "MyTodo_v3" */ = {
			isa = XCConfigurationList;
			buildConfigurations = (
				CF68EF022708A21E0082CF8A /* Debug */,
				CF68EF032708A21E0082CF8A /* Release */,
			);
			defaultConfigurationIsVisible = 0;
			defaultConfigurationName = Release;
		};
/* End XCConfigurationList section */

/* Begin XCRemoteSwiftPackageReference section */
		CF04D3B82709F1A200F404D4 /* XCRemoteSwiftPackageReference "realm-cocoa" */ = {
			isa = XCRemoteSwiftPackageReference;
			repositoryURL = "https://github.com/realm/realm-cocoa.git";
			requirement = {
				kind = upToNextMajorVersion;
				minimumVersion = 10.16.0;
			};
		};
/* End XCRemoteSwiftPackageReference section */

/* Begin XCSwiftPackageProductDependency section */
		CF04D3B92709F1A200F404D4 /* Realm */ = {
			isa = XCSwiftPackageProductDependency;
			package = CF04D3B82709F1A200F404D4 /* XCRemoteSwiftPackageReference "realm-cocoa" */;
			productName = Realm;
		};
		CF04D3BB2709F1A200F404D4 /* RealmSwift */ = {
			isa = XCSwiftPackageProductDependency;
			package = CF04D3B82709F1A200F404D4 /* XCRemoteSwiftPackageReference "realm-cocoa" */;
			productName = RealmSwift;
		};
/* End XCSwiftPackageProductDependency section */
	};
	rootObject = CF68EEEA2708A2180082CF8A /* Project object */;
}
